
Microsoft Visual Studio Solution File, Format Version 12.00
# Visual Studio Version 17
VisualStudioVersion = 17.10.34916.146
MinimumVisualStudioVersion = 10.0.40219.1
Project("{9A19103F-16F7-4668-BE54-9A1E7A4F7556}") = "DivvyUp.App", "DivvyUp.App.csproj", "{F5A4F70D-B0C7-478A-B07F-B4EE1287BC37}"
EndProject
Project("{9A19103F-16F7-4668-BE54-9A1E7A4F7556}") = "DivvyUp.Shared", "..\DivvyUp.Shared\DivvyUp.Shared.csproj", "{24894E8D-172C-4D69-896E-956504A52175}"
EndProject
Project("{9A19103F-16F7-4668-BE54-9A1E7A4F7556}") = "DivvyUp.Web", "..\DivvyUp.Web\DivvyUp.Web.csproj", "{DFE0575B-C059-4249-BD2D-9FE4D8311B0B}"
EndProject
Project("{9A19103F-16F7-4668-BE54-9A1E7A4F7556}") = "DivvyUp.Web.Tests", "..\DivvyUp.Web.Tests\DivvyUp.Web.Tests.csproj", "{293B13C7-E4CB-4AD9-A6E9-7B65CA8D1ABB}"
EndProject
Global
	GlobalSection(SolutionConfigurationPlatforms) = preSolution
		Debug|Any CPU = Debug|Any CPU
		Release|Any CPU = Release|Any CPU
	EndGlobalSection
	GlobalSection(ProjectConfigurationPlatforms) = postSolution
		{F5A4F70D-B0C7-478A-B07F-B4EE1287BC37}.Debug|Any CPU.ActiveCfg = Debug|Any CPU
		{F5A4F70D-B0C7-478A-B07F-B4EE1287BC37}.Debug|Any CPU.Build.0 = Debug|Any CPU
		{F5A4F70D-B0C7-478A-B07F-B4EE1287BC37}.Debug|Any CPU.Deploy.0 = Debug|Any CPU
		{F5A4F70D-B0C7-478A-B07F-B4EE1287BC37}.Release|Any CPU.ActiveCfg = Release|Any CPU
		{F5A4F70D-B0C7-478A-B07F-B4EE1287BC37}.Release|Any CPU.Build.0 = Release|Any CPU
		{F5A4F70D-B0C7-478A-B07F-B4EE1287BC37}.Release|Any CPU.Deploy.0 = Release|Any CPU
		{24894E8D-172C-4D69-896E-956504A52175}.Debug|Any CPU.ActiveCfg = Debug|Any CPU
		{24894E8D-172C-4D69-896E-956504A52175}.Debug|Any CPU.Build.0 = Debug|Any CPU
		{24894E8D-172C-4D69-896E-956504A52175}.Release|Any CPU.ActiveCfg = Release|Any CPU
		{24894E8D-172C-4D69-896E-956504A52175}.Release|Any CPU.Build.0 = Release|Any CPU
		{DFE0575B-C059-4249-BD2D-9FE4D8311B0B}.Debug|Any CPU.ActiveCfg = Debug|Any CPU
		{DFE0575B-C059-4249-BD2D-9FE4D8311B0B}.Debug|Any CPU.Build.0 = Debug|Any CPU
		{DFE0575B-C059-4249-BD2D-9FE4D8311B0B}.Release|Any CPU.ActiveCfg = Release|Any CPU
		{DFE0575B-C059-4249-BD2D-9FE4D8311B0B}.Release|Any CPU.Build.0 = Release|Any CPU
		{293B13C7-E4CB-4AD9-A6E9-7B65CA8D1ABB}.Debug|Any CPU.ActiveCfg = Debug|Any CPU
		{293B13C7-E4CB-4AD9-A6E9-7B65CA8D1ABB}.Debug|Any CPU.Build.0 = Debug|Any CPU
		{293B13C7-E4CB-4AD9-A6E9-7B65CA8D1ABB}.Release|Any CPU.ActiveCfg = Release|Any CPU
		{293B13C7-E4CB-4AD9-A6E9-7B65CA8D1ABB}.Release|Any CPU.Build.0 = Release|Any CPU
	EndGlobalSection
	GlobalSection(SolutionProperties) = preSolution
		HideSolutionNode = FALSE
	EndGlobalSection
	GlobalSection(ExtensibilityGlobals) = postSolution
		SolutionGuid = {EC166F0D-B336-4A0D-A618-4120559C5602}
	EndGlobalSection
EndGlobal
