
Microsoft Visual Studio Solution File, Format Version 12.00
# Visual Studio Version 17
VisualStudioVersion = 17.10.34916.146
MinimumVisualStudioVersion = 10.0.40219.1
Project("{9A19103F-16F7-4668-BE54-9A1E7A4F7556}") = "DivvyUp.App", "DivvyUp.App.csproj", "{F5A4F70D-B0C7-478A-B07F-B4EE1287BC37}"
EndProject
Project("{9A19103F-16F7-4668-BE54-9A1E7A4F7556}") = "DivvyUp.Shared", "..\DivvyUp.Shared\DivvyUp.Shared.csproj", "{24894E8D-172C-4D69-896E-956504A52175}"
EndProject
Project("{9A19103F-16F7-4668-BE54-9A1E7A4F7556}") = "DivvyUp.Impl.Maui", "..\DivvyUp.Impl.Maui\DivvyUp.Impl.Maui.csproj", "{456C416A-744C-4C07-9791-152524AEB4F9}"
EndProject
Project("{9A19103F-16F7-4668-BE54-9A1E7A4F7556}") = "DivvyUp.Web", "..\DivvyUp.Web\DivvyUp.Web.csproj", "{DFE0575B-C059-4249-BD2D-9FE4D8311B0B}"
EndProject
Project("{FAE04EC0-301F-11D3-BF4B-00C04F79EFBC}") = "DivvyUp.Impl.Web", "..\DivvyUp.Impl.Web\DivvyUp.Impl.Web.csproj", "{E834C25A-D59B-419D-A48A-13DCBFCCE8A5}"
EndProject
Global
	GlobalSection(SolutionConfigurationPlatforms) = preSolution
		Debug|Any CPU = Debug|Any CPU
		Release|Any CPU = Release|Any CPU
	EndGlobalSection
	GlobalSection(ProjectConfigurationPlatforms) = postSolution
		{F5A4F70D-B0C7-478A-B07F-B4EE1287BC37}.Debug|Any CPU.ActiveCfg = Debug|Any CPU
		{F5A4F70D-B0C7-478A-B07F-B4EE1287BC37}.Debug|Any CPU.Build.0 = Debug|Any CPU
		{F5A4F70D-B0C7-478A-B07F-B4EE1287BC37}.Debug|Any CPU.Deploy.0 = Debug|Any CPU
		{F5A4F70D-B0C7-478A-B07F-B4EE1287BC37}.Release|Any CPU.ActiveCfg = Release|Any CPU
		{F5A4F70D-B0C7-478A-B07F-B4EE1287BC37}.Release|Any CPU.Build.0 = Release|Any CPU
		{F5A4F70D-B0C7-478A-B07F-B4EE1287BC37}.Release|Any CPU.Deploy.0 = Release|Any CPU
		{24894E8D-172C-4D69-896E-956504A52175}.Debug|Any CPU.ActiveCfg = Debug|Any CPU
		{24894E8D-172C-4D69-896E-956504A52175}.Debug|Any CPU.Build.0 = Debug|Any CPU
		{24894E8D-172C-4D69-896E-956504A52175}.Release|Any CPU.ActiveCfg = Release|Any CPU
		{24894E8D-172C-4D69-896E-956504A52175}.Release|Any CPU.Build.0 = Release|Any CPU
		{456C416A-744C-4C07-9791-152524AEB4F9}.Debug|Any CPU.ActiveCfg = Debug|Any CPU
		{456C416A-744C-4C07-9791-152524AEB4F9}.Debug|Any CPU.Build.0 = Debug|Any CPU
		{456C416A-744C-4C07-9791-152524AEB4F9}.Release|Any CPU.ActiveCfg = Release|Any CPU
		{456C416A-744C-4C07-9791-152524AEB4F9}.Release|Any CPU.Build.0 = Release|Any CPU
		{DFE0575B-C059-4249-BD2D-9FE4D8311B0B}.Debug|Any CPU.ActiveCfg = Debug|Any CPU
		{DFE0575B-C059-4249-BD2D-9FE4D8311B0B}.Debug|Any CPU.Build.0 = Debug|Any CPU
		{DFE0575B-C059-4249-BD2D-9FE4D8311B0B}.Release|Any CPU.ActiveCfg = Release|Any CPU
		{DFE0575B-C059-4249-BD2D-9FE4D8311B0B}.Release|Any CPU.Build.0 = Release|Any CPU
		{E834C25A-D59B-419D-A48A-13DCBFCCE8A5}.Debug|Any CPU.ActiveCfg = Debug|Any CPU
		{E834C25A-D59B-419D-A48A-13DCBFCCE8A5}.Debug|Any CPU.Build.0 = Debug|Any CPU
		{E834C25A-D59B-419D-A48A-13DCBFCCE8A5}.Release|Any CPU.ActiveCfg = Release|Any CPU
		{E834C25A-D59B-419D-A48A-13DCBFCCE8A5}.Release|Any CPU.Build.0 = Release|Any CPU
	EndGlobalSection
	GlobalSection(SolutionProperties) = preSolution
		HideSolutionNode = FALSE
	EndGlobalSection
	GlobalSection(ExtensibilityGlobals) = postSolution
		SolutionGuid = {EC166F0D-B336-4A0D-A618-4120559C5602}
	EndGlobalSection
EndGlobal
